schema: '2.0'
stages:
  load_data:
    cmd: python src/stage_01_load_data.py
    deps:
    - path: config/config.yaml
      md5: 7a6f85e27a7dd0ea8daaebe01c309532
      size: 324
    - path: src/stage_01_load_data.py
      md5: f4b5a8ed0fb66f5ed2859bed663e61b5
      size: 1328
    - path: src/utils/all_utils.py
      md5: f68ab98544d54d2ae1765c21c48e57e6
      size: 2221
    outs:
    - path: artifacts/raw_local_dir/data.csv
      md5: d646019d27c00893f7c640cfa03198cc
      size: 45073
  save_data:
    cmd: python src/stage_02_split_data.py
    deps:
    - path: artifacts/raw_local_dir/data.csv
      md5: d646019d27c00893f7c640cfa03198cc
      size: 45073
    - path: config/config.yaml
      md5: 7a6f85e27a7dd0ea8daaebe01c309532
      size: 324
    - path: src/stage_02_split_data.py
      md5: 6f4442df5336e708d0e22f7c947a4184
      size: 2313
    - path: src/utils/all_utils.py
      md5: f68ab98544d54d2ae1765c21c48e57e6
      size: 2221
    params:
      params.yaml:
        base.random_state: 43
        base.test_size: 0.3
    outs:
    - path: artifacts/split_data_dir/test.csv
      md5: 1a87d7d5a7c92bfd868f1921a6f1e58d
      size: 13604
    - path: artifacts/split_data_dir/train.csv
      md5: 027a858eb7a7639e9a1352544a900c43
      size: 31510
