schema: '2.0'
stages:
  load_data:
    cmd: python src/stage_01_load_data.py
    deps:
    - path: config/config.yaml
      md5: 7a6f85e27a7dd0ea8daaebe01c309532
      size: 324
    - path: src/stage_01_load_data.py
      md5: 43b382b46277ce4a84a90ab2073d7a78
      size: 1078
    - path: src/utils/all_utils.py
      md5: 3144be97605bbca69dcffd288b48dd79
      size: 898
    outs:
    - path: artifacts/raw_local_dir/data.csv
      md5: d646019d27c00893f7c640cfa03198cc
      size: 45073
  save_data:
    cmd: python src/stage_02_split_data.py
    deps:
    - path: artifacts/raw_local_dir/data.csv
      md5: d646019d27c00893f7c640cfa03198cc
      size: 45073
    - path: config/config.yaml
      md5: 7a6f85e27a7dd0ea8daaebe01c309532
      size: 324
    - path: src/stage_02_split_data.py
      md5: 1112e3746eddeb29766bbc50ac5dbeed
      size: 1972
    - path: src/utils/all_utils.py
      md5: 3144be97605bbca69dcffd288b48dd79
      size: 898
    params:
      params.yaml:
        base.random_state: 43
        base.test_size: 0.3
    outs:
    - path: artifacts/split_data_dir/test.csv
      md5: 1a87d7d5a7c92bfd868f1921a6f1e58d
      size: 13604
    - path: artifacts/split_data_dir/train.csv
      md5: 027a858eb7a7639e9a1352544a900c43
      size: 31510
